// !$*UTF8*$!
{
	archiveVersion = 1;
	classes = {
	};
	objectVersion = 54;
	objects = {

/* Begin PBXBuildFile section */
		9E0A8F6A253B5D90004E1184 /* HertzModel.swift in Sources */ = {isa = PBXBuildFile; fileRef = 9EFEA987253B5C8F00F9EF80 /* HertzModel.swift */; };
		9E0A8F76253B5DE5004E1184 /* ContentViewModel.swift in Sources */ = {isa = PBXBuildFile; fileRef = 9E0A8F75253B5DE5004E1184 /* ContentViewModel.swift */; };
		9E2BBEA524FD785000E23C48 /* Runbutton.swift in Sources */ = {isa = PBXBuildFile; fileRef = 9E2BBEA424FD785000E23C48 /* Runbutton.swift */; };
		9E2BBEA624FD785000E23C48 /* Runbutton.swift in Sources */ = {isa = PBXBuildFile; fileRef = 9E2BBEA424FD785000E23C48 /* Runbutton.swift */; };
		9E3AC93124F3DD1F00DDB271 /* Arc.swift in Sources */ = {isa = PBXBuildFile; fileRef = 9E4EE83324F2E07C0057CB8D /* Arc.swift */; };
		9E3B8D1F24FA391400C3C103 /* WorkoutManager.swift in Sources */ = {isa = PBXBuildFile; fileRef = 9E3B8D1E24FA391400C3C103 /* WorkoutManager.swift */; };
		9E3B8D2324FA44FF00C3C103 /* HealthKit.framework in Frameworks */ = {isa = PBXBuildFile; fileRef = 9E3B8D2224FA44FF00C3C103 /* HealthKit.framework */; };
		9E4EE83424F2E07C0057CB8D /* Arc.swift in Sources */ = {isa = PBXBuildFile; fileRef = 9E4EE83324F2E07C0057CB8D /* Arc.swift */; };
		9E63D2102512B752006B5643 /* NSNotification.swift in Sources */ = {isa = PBXBuildFile; fileRef = 9E63D20F2512B752006B5643 /* NSNotification.swift */; };
		9E63D2162512B83E006B5643 /* NSNotification.swift in Sources */ = {isa = PBXBuildFile; fileRef = 9E63D20F2512B752006B5643 /* NSNotification.swift */; };
		9E729E4824CF00DB0000D408 /* CGRect.swift in Sources */ = {isa = PBXBuildFile; fileRef = 9E729E4724CF00DB0000D408 /* CGRect.swift */; };
		9E729E4B24CF018C0000D408 /* ContentViewModel.swift in Sources */ = {isa = PBXBuildFile; fileRef = 9E729E4A24CF018C0000D408 /* ContentViewModel.swift */; };
		9E729E4D24CF60DA0000D408 /* LocalNotificationManager.swift in Sources */ = {isa = PBXBuildFile; fileRef = 9E729E4C24CF60DA0000D408 /* LocalNotificationManager.swift */; };
		9E7B97F224CEF98A004F1304 /* Dot.swift in Sources */ = {isa = PBXBuildFile; fileRef = 9E7B97F124CEF98A004F1304 /* Dot.swift */; };
		9E8D7BCD24F0361D00EF7E98 /* Interface.storyboard in Resources */ = {isa = PBXBuildFile; fileRef = 9E8D7BCB24F0361D00EF7E98 /* Interface.storyboard */; };
		9E8D7BCF24F0361E00EF7E98 /* Assets.xcassets in Resources */ = {isa = PBXBuildFile; fileRef = 9E8D7BCE24F0361E00EF7E98 /* Assets.xcassets */; };
		9E8D7BD624F0361E00EF7E98 /* HertzWatch Extension.appex in Embed App Extensions */ = {isa = PBXBuildFile; fileRef = 9E8D7BD524F0361E00EF7E98 /* HertzWatch Extension.appex */; settings = {ATTRIBUTES = (RemoveHeadersOnCopy, ); }; };
		9E8D7BDB24F0361E00EF7E98 /* ContentView.swift in Sources */ = {isa = PBXBuildFile; fileRef = 9E8D7BDA24F0361E00EF7E98 /* ContentView.swift */; };
		9E8D7BDD24F0361E00EF7E98 /* HostingController.swift in Sources */ = {isa = PBXBuildFile; fileRef = 9E8D7BDC24F0361E00EF7E98 /* HostingController.swift */; };
		9E8D7BDF24F0361E00EF7E98 /* ExtensionDelegate.swift in Sources */ = {isa = PBXBuildFile; fileRef = 9E8D7BDE24F0361E00EF7E98 /* ExtensionDelegate.swift */; };
		9E8D7BE124F0361E00EF7E98 /* NotificationController.swift in Sources */ = {isa = PBXBuildFile; fileRef = 9E8D7BE024F0361E00EF7E98 /* NotificationController.swift */; };
		9E8D7BE324F0361F00EF7E98 /* NotificationView.swift in Sources */ = {isa = PBXBuildFile; fileRef = 9E8D7BE224F0361E00EF7E98 /* NotificationView.swift */; };
		9E8D7BE524F0361F00EF7E98 /* Assets.xcassets in Resources */ = {isa = PBXBuildFile; fileRef = 9E8D7BE424F0361F00EF7E98 /* Assets.xcassets */; };
		9E8D7BE824F0361F00EF7E98 /* Preview Assets.xcassets in Resources */ = {isa = PBXBuildFile; fileRef = 9E8D7BE724F0361F00EF7E98 /* Preview Assets.xcassets */; };
		9E8D7BED24F0361F00EF7E98 /* HertzWatch.app in Embed Watch Content */ = {isa = PBXBuildFile; fileRef = 9E8D7BC924F0361D00EF7E98 /* HertzWatch.app */; settings = {ATTRIBUTES = (RemoveHeadersOnCopy, ); }; };
		9E8D7BF624F036AC00EF7E98 /* TickFace.swift in Sources */ = {isa = PBXBuildFile; fileRef = 9E98F8E824EC5CAF001E9C0D /* TickFace.swift */; };
		9E8D7BF724F036B300EF7E98 /* CGRect.swift in Sources */ = {isa = PBXBuildFile; fileRef = 9E729E4724CF00DB0000D408 /* CGRect.swift */; };
		9E8D7BF824F036F400EF7E98 /* Dot.swift in Sources */ = {isa = PBXBuildFile; fileRef = 9E7B97F124CEF98A004F1304 /* Dot.swift */; };
		9E98F8E924EC5CAF001E9C0D /* TickFace.swift in Sources */ = {isa = PBXBuildFile; fileRef = 9E98F8E824EC5CAF001E9C0D /* TickFace.swift */; };
		9EBB1D5024F057420079F1C3 /* Array.swift in Sources */ = {isa = PBXBuildFile; fileRef = 9EBB1D4F24F057420079F1C3 /* Array.swift */; };
		9EFA835D24CEED5E00A0A156 /* AppDelegate.swift in Sources */ = {isa = PBXBuildFile; fileRef = 9EFA835C24CEED5E00A0A156 /* AppDelegate.swift */; };
		9EFA835F24CEED5E00A0A156 /* SceneDelegate.swift in Sources */ = {isa = PBXBuildFile; fileRef = 9EFA835E24CEED5E00A0A156 /* SceneDelegate.swift */; };
		9EFA836224CEED5E00A0A156 /* Hertz.xcdatamodeld in Sources */ = {isa = PBXBuildFile; fileRef = 9EFA836024CEED5E00A0A156 /* Hertz.xcdatamodeld */; };
		9EFA836424CEED5E00A0A156 /* ContentView.swift in Sources */ = {isa = PBXBuildFile; fileRef = 9EFA836324CEED5E00A0A156 /* ContentView.swift */; };
		9EFA836624CEED5F00A0A156 /* Assets.xcassets in Resources */ = {isa = PBXBuildFile; fileRef = 9EFA836524CEED5F00A0A156 /* Assets.xcassets */; };
		9EFA836924CEED5F00A0A156 /* Preview Assets.xcassets in Resources */ = {isa = PBXBuildFile; fileRef = 9EFA836824CEED5F00A0A156 /* Preview Assets.xcassets */; };
		9EFA836C24CEED5F00A0A156 /* LaunchScreen.storyboard in Resources */ = {isa = PBXBuildFile; fileRef = 9EFA836A24CEED5F00A0A156 /* LaunchScreen.storyboard */; };
		9EFA837724CEED5F00A0A156 /* HertzTests.swift in Sources */ = {isa = PBXBuildFile; fileRef = 9EFA837624CEED5F00A0A156 /* HertzTests.swift */; };
		9EFA838224CEED5F00A0A156 /* HertzUITests.swift in Sources */ = {isa = PBXBuildFile; fileRef = 9EFA838124CEED5F00A0A156 /* HertzUITests.swift */; };
		9EFEA988253B5C8F00F9EF80 /* HertzModel.swift in Sources */ = {isa = PBXBuildFile; fileRef = 9EFEA987253B5C8F00F9EF80 /* HertzModel.swift */; };
/* End PBXBuildFile section */

/* Begin PBXContainerItemProxy section */
		9E8D7BD724F0361E00EF7E98 /* PBXContainerItemProxy */ = {
			isa = PBXContainerItemProxy;
			containerPortal = 9EFA835124CEED5E00A0A156 /* Project object */;
			proxyType = 1;
			remoteGlobalIDString = 9E8D7BD424F0361E00EF7E98;
			remoteInfo = "HertzWatch Extension";
		};
		9E8D7BEB24F0361F00EF7E98 /* PBXContainerItemProxy */ = {
			isa = PBXContainerItemProxy;
			containerPortal = 9EFA835124CEED5E00A0A156 /* Project object */;
			proxyType = 1;
			remoteGlobalIDString = 9E8D7BC824F0361D00EF7E98;
			remoteInfo = HertzWatch;
		};
		9EFA837324CEED5F00A0A156 /* PBXContainerItemProxy */ = {
			isa = PBXContainerItemProxy;
			containerPortal = 9EFA835124CEED5E00A0A156 /* Project object */;
			proxyType = 1;
			remoteGlobalIDString = 9EFA835824CEED5E00A0A156;
			remoteInfo = Hertz;
		};
		9EFA837E24CEED5F00A0A156 /* PBXContainerItemProxy */ = {
			isa = PBXContainerItemProxy;
			containerPortal = 9EFA835124CEED5E00A0A156 /* Project object */;
			proxyType = 1;
			remoteGlobalIDString = 9EFA835824CEED5E00A0A156;
			remoteInfo = Hertz;
		};
/* End PBXContainerItemProxy section */

/* Begin PBXCopyFilesBuildPhase section */
		9E8D7BF024F0361F00EF7E98 /* Embed App Extensions */ = {
			isa = PBXCopyFilesBuildPhase;
			buildActionMask = 2147483647;
			dstPath = "";
			dstSubfolderSpec = 13;
			files = (
				9E8D7BD624F0361E00EF7E98 /* HertzWatch Extension.appex in Embed App Extensions */,
			);
			name = "Embed App Extensions";
			runOnlyForDeploymentPostprocessing = 0;
		};
		9ED0312E24D2AD8E002847FA /* Embed Watch Content */ = {
			isa = PBXCopyFilesBuildPhase;
			buildActionMask = 2147483647;
			dstPath = "$(CONTENTS_FOLDER_PATH)/Watch";
			dstSubfolderSpec = 16;
			files = (
				9E8D7BED24F0361F00EF7E98 /* HertzWatch.app in Embed Watch Content */,
			);
			name = "Embed Watch Content";
			runOnlyForDeploymentPostprocessing = 0;
		};
/* End PBXCopyFilesBuildPhase section */

/* Begin PBXFileReference section */
		9E0A8F75253B5DE5004E1184 /* ContentViewModel.swift */ = {isa = PBXFileReference; lastKnownFileType = sourcecode.swift; path = ContentViewModel.swift; sourceTree = "<group>"; };
		9E2BBEA424FD785000E23C48 /* Runbutton.swift */ = {isa = PBXFileReference; lastKnownFileType = sourcecode.swift; path = Runbutton.swift; sourceTree = "<group>"; };
		9E3B8D1E24FA391400C3C103 /* WorkoutManager.swift */ = {isa = PBXFileReference; lastKnownFileType = sourcecode.swift; path = WorkoutManager.swift; sourceTree = "<group>"; };
		9E3B8D2024FA44FF00C3C103 /* HertzWatch Extension.entitlements */ = {isa = PBXFileReference; lastKnownFileType = text.plist.entitlements; path = "HertzWatch Extension.entitlements"; sourceTree = "<group>"; };
		9E3B8D2224FA44FF00C3C103 /* HealthKit.framework */ = {isa = PBXFileReference; lastKnownFileType = wrapper.framework; name = HealthKit.framework; path = Platforms/WatchOS.platform/Developer/SDKs/WatchOS6.2.sdk/System/Library/Frameworks/HealthKit.framework; sourceTree = DEVELOPER_DIR; };
		9E4EE83324F2E07C0057CB8D /* Arc.swift */ = {isa = PBXFileReference; lastKnownFileType = sourcecode.swift; path = Arc.swift; sourceTree = "<group>"; };
		9E63D20F2512B752006B5643 /* NSNotification.swift */ = {isa = PBXFileReference; lastKnownFileType = sourcecode.swift; path = NSNotification.swift; sourceTree = "<group>"; };
		9E729E4724CF00DB0000D408 /* CGRect.swift */ = {isa = PBXFileReference; lastKnownFileType = sourcecode.swift; path = CGRect.swift; sourceTree = "<group>"; };
		9E729E4A24CF018C0000D408 /* ContentViewModel.swift */ = {isa = PBXFileReference; lastKnownFileType = sourcecode.swift; path = ContentViewModel.swift; sourceTree = "<group>"; };
		9E729E4C24CF60DA0000D408 /* LocalNotificationManager.swift */ = {isa = PBXFileReference; lastKnownFileType = sourcecode.swift; path = LocalNotificationManager.swift; sourceTree = "<group>"; };
		9E7B97F124CEF98A004F1304 /* Dot.swift */ = {isa = PBXFileReference; lastKnownFileType = sourcecode.swift; path = Dot.swift; sourceTree = "<group>"; };
		9E8D7BC924F0361D00EF7E98 /* HertzWatch.app */ = {isa = PBXFileReference; explicitFileType = wrapper.application; includeInIndex = 0; path = HertzWatch.app; sourceTree = BUILT_PRODUCTS_DIR; };
		9E8D7BCC24F0361D00EF7E98 /* Base */ = {isa = PBXFileReference; lastKnownFileType = file.storyboard; name = Base; path = Base.lproj/Interface.storyboard; sourceTree = "<group>"; };
		9E8D7BCE24F0361E00EF7E98 /* Assets.xcassets */ = {isa = PBXFileReference; lastKnownFileType = folder.assetcatalog; path = Assets.xcassets; sourceTree = "<group>"; };
		9E8D7BD024F0361E00EF7E98 /* Info.plist */ = {isa = PBXFileReference; lastKnownFileType = text.plist.xml; path = Info.plist; sourceTree = "<group>"; };
		9E8D7BD524F0361E00EF7E98 /* HertzWatch Extension.appex */ = {isa = PBXFileReference; explicitFileType = "wrapper.app-extension"; includeInIndex = 0; path = "HertzWatch Extension.appex"; sourceTree = BUILT_PRODUCTS_DIR; };
		9E8D7BDA24F0361E00EF7E98 /* ContentView.swift */ = {isa = PBXFileReference; lastKnownFileType = sourcecode.swift; path = ContentView.swift; sourceTree = "<group>"; };
		9E8D7BDC24F0361E00EF7E98 /* HostingController.swift */ = {isa = PBXFileReference; lastKnownFileType = sourcecode.swift; path = HostingController.swift; sourceTree = "<group>"; };
		9E8D7BDE24F0361E00EF7E98 /* ExtensionDelegate.swift */ = {isa = PBXFileReference; lastKnownFileType = sourcecode.swift; path = ExtensionDelegate.swift; sourceTree = "<group>"; };
		9E8D7BE024F0361E00EF7E98 /* NotificationController.swift */ = {isa = PBXFileReference; lastKnownFileType = sourcecode.swift; path = NotificationController.swift; sourceTree = "<group>"; };
		9E8D7BE224F0361E00EF7E98 /* NotificationView.swift */ = {isa = PBXFileReference; lastKnownFileType = sourcecode.swift; path = NotificationView.swift; sourceTree = "<group>"; };
		9E8D7BE424F0361F00EF7E98 /* Assets.xcassets */ = {isa = PBXFileReference; lastKnownFileType = folder.assetcatalog; path = Assets.xcassets; sourceTree = "<group>"; };
		9E8D7BE724F0361F00EF7E98 /* Preview Assets.xcassets */ = {isa = PBXFileReference; lastKnownFileType = folder.assetcatalog; path = "Preview Assets.xcassets"; sourceTree = "<group>"; };
		9E8D7BE924F0361F00EF7E98 /* Info.plist */ = {isa = PBXFileReference; lastKnownFileType = text.plist.xml; path = Info.plist; sourceTree = "<group>"; };
		9E8D7BEA24F0361F00EF7E98 /* PushNotificationPayload.apns */ = {isa = PBXFileReference; lastKnownFileType = text; path = PushNotificationPayload.apns; sourceTree = "<group>"; };
		9E98F8E824EC5CAF001E9C0D /* TickFace.swift */ = {isa = PBXFileReference; lastKnownFileType = sourcecode.swift; path = TickFace.swift; sourceTree = "<group>"; };
		9EBB1D4F24F057420079F1C3 /* Array.swift */ = {isa = PBXFileReference; lastKnownFileType = sourcecode.swift; path = Array.swift; sourceTree = "<group>"; };
		9EFA835924CEED5E00A0A156 /* Hertz.app */ = {isa = PBXFileReference; explicitFileType = wrapper.application; includeInIndex = 0; path = Hertz.app; sourceTree = BUILT_PRODUCTS_DIR; };
		9EFA835C24CEED5E00A0A156 /* AppDelegate.swift */ = {isa = PBXFileReference; lastKnownFileType = sourcecode.swift; path = AppDelegate.swift; sourceTree = "<group>"; };
		9EFA835E24CEED5E00A0A156 /* SceneDelegate.swift */ = {isa = PBXFileReference; lastKnownFileType = sourcecode.swift; path = SceneDelegate.swift; sourceTree = "<group>"; };
		9EFA836124CEED5E00A0A156 /* Hertz.xcdatamodel */ = {isa = PBXFileReference; lastKnownFileType = wrapper.xcdatamodel; path = Hertz.xcdatamodel; sourceTree = "<group>"; };
		9EFA836324CEED5E00A0A156 /* ContentView.swift */ = {isa = PBXFileReference; lastKnownFileType = sourcecode.swift; path = ContentView.swift; sourceTree = "<group>"; };
		9EFA836524CEED5F00A0A156 /* Assets.xcassets */ = {isa = PBXFileReference; lastKnownFileType = folder.assetcatalog; path = Assets.xcassets; sourceTree = "<group>"; };
		9EFA836824CEED5F00A0A156 /* Preview Assets.xcassets */ = {isa = PBXFileReference; lastKnownFileType = folder.assetcatalog; path = "Preview Assets.xcassets"; sourceTree = "<group>"; };
		9EFA836B24CEED5F00A0A156 /* Base */ = {isa = PBXFileReference; lastKnownFileType = file.storyboard; name = Base; path = Base.lproj/LaunchScreen.storyboard; sourceTree = "<group>"; };
		9EFA836D24CEED5F00A0A156 /* Info.plist */ = {isa = PBXFileReference; lastKnownFileType = text.plist.xml; path = Info.plist; sourceTree = "<group>"; };
		9EFA837224CEED5F00A0A156 /* HertzTests.xctest */ = {isa = PBXFileReference; explicitFileType = wrapper.cfbundle; includeInIndex = 0; path = HertzTests.xctest; sourceTree = BUILT_PRODUCTS_DIR; };
		9EFA837624CEED5F00A0A156 /* HertzTests.swift */ = {isa = PBXFileReference; lastKnownFileType = sourcecode.swift; path = HertzTests.swift; sourceTree = "<group>"; };
		9EFA837824CEED5F00A0A156 /* Info.plist */ = {isa = PBXFileReference; lastKnownFileType = text.plist.xml; path = Info.plist; sourceTree = "<group>"; };
		9EFA837D24CEED5F00A0A156 /* HertzUITests.xctest */ = {isa = PBXFileReference; explicitFileType = wrapper.cfbundle; includeInIndex = 0; path = HertzUITests.xctest; sourceTree = BUILT_PRODUCTS_DIR; };
		9EFA838124CEED5F00A0A156 /* HertzUITests.swift */ = {isa = PBXFileReference; lastKnownFileType = sourcecode.swift; path = HertzUITests.swift; sourceTree = "<group>"; };
		9EFA838324CEED5F00A0A156 /* Info.plist */ = {isa = PBXFileReference; lastKnownFileType = text.plist.xml; path = Info.plist; sourceTree = "<group>"; };
		9EFEA987253B5C8F00F9EF80 /* HertzModel.swift */ = {isa = PBXFileReference; lastKnownFileType = sourcecode.swift; path = HertzModel.swift; sourceTree = "<group>"; };
/* End PBXFileReference section */

/* Begin PBXFrameworksBuildPhase section */
		9E8D7BD224F0361E00EF7E98 /* Frameworks */ = {
			isa = PBXFrameworksBuildPhase;
			buildActionMask = 2147483647;
			files = (
				9E3B8D2324FA44FF00C3C103 /* HealthKit.framework in Frameworks */,
			);
			runOnlyForDeploymentPostprocessing = 0;
		};
		9EFA835624CEED5E00A0A156 /* Frameworks */ = {
			isa = PBXFrameworksBuildPhase;
			buildActionMask = 2147483647;
			files = (
			);
			runOnlyForDeploymentPostprocessing = 0;
		};
		9EFA836F24CEED5F00A0A156 /* Frameworks */ = {
			isa = PBXFrameworksBuildPhase;
			buildActionMask = 2147483647;
			files = (
			);
			runOnlyForDeploymentPostprocessing = 0;
		};
		9EFA837A24CEED5F00A0A156 /* Frameworks */ = {
			isa = PBXFrameworksBuildPhase;
			buildActionMask = 2147483647;
			files = (
			);
			runOnlyForDeploymentPostprocessing = 0;
		};
/* End PBXFrameworksBuildPhase section */

/* Begin PBXGroup section */
		9E3B8D2124FA44FF00C3C103 /* Frameworks */ = {
			isa = PBXGroup;
			children = (
				9E3B8D2224FA44FF00C3C103 /* HealthKit.framework */,
			);
			name = Frameworks;
			sourceTree = "<group>";
		};
		9E729E4624CF00C50000D408 /* Extensions */ = {
			isa = PBXGroup;
			children = (
				9E729E4724CF00DB0000D408 /* CGRect.swift */,
				9EBB1D4F24F057420079F1C3 /* Array.swift */,
				9E63D20F2512B752006B5643 /* NSNotification.swift */,
			);
			path = Extensions;
			sourceTree = "<group>";
		};
		9E729E4924CF01750000D408 /* Models */ = {
			isa = PBXGroup;
			children = (
				9E729E4A24CF018C0000D408 /* ContentViewModel.swift */,
				9EFEA987253B5C8F00F9EF80 /* HertzModel.swift */,
			);
			path = Models;
			sourceTree = "<group>";
		};
		9E8D7BCA24F0361D00EF7E98 /* HertzWatch */ = {
			isa = PBXGroup;
			children = (
				9E8D7BCB24F0361D00EF7E98 /* Interface.storyboard */,
				9E8D7BCE24F0361E00EF7E98 /* Assets.xcassets */,
				9E8D7BD024F0361E00EF7E98 /* Info.plist */,
			);
			path = HertzWatch;
			sourceTree = "<group>";
		};
		9E8D7BD924F0361E00EF7E98 /* HertzWatch Extension */ = {
			isa = PBXGroup;
			children = (
				9EFEA97A253B5BDC00F9EF80 /* Models */,
				9E3B8D2024FA44FF00C3C103 /* HertzWatch Extension.entitlements */,
				9E8D7BDA24F0361E00EF7E98 /* ContentView.swift */,
				9E8D7BDC24F0361E00EF7E98 /* HostingController.swift */,
				9E8D7BDE24F0361E00EF7E98 /* ExtensionDelegate.swift */,
				9E8D7BE024F0361E00EF7E98 /* NotificationController.swift */,
				9E8D7BE224F0361E00EF7E98 /* NotificationView.swift */,
				9E8D7BE424F0361F00EF7E98 /* Assets.xcassets */,
				9E8D7BE924F0361F00EF7E98 /* Info.plist */,
				9E8D7BEA24F0361F00EF7E98 /* PushNotificationPayload.apns */,
				9E8D7BE624F0361F00EF7E98 /* Preview Content */,
				9E3B8D1E24FA391400C3C103 /* WorkoutManager.swift */,
			);
			path = "HertzWatch Extension";
			sourceTree = "<group>";
		};
		9E8D7BE624F0361F00EF7E98 /* Preview Content */ = {
			isa = PBXGroup;
			children = (
				9E8D7BE724F0361F00EF7E98 /* Preview Assets.xcassets */,
			);
			path = "Preview Content";
			sourceTree = "<group>";
		};
		9E98F8E424EC5C63001E9C0D /* Faces */ = {
			isa = PBXGroup;
			children = (
				9E98F8E824EC5CAF001E9C0D /* TickFace.swift */,
			);
			path = Faces;
			sourceTree = "<group>";
		};
		9EFA835024CEED5E00A0A156 = {
			isa = PBXGroup;
			children = (
				9EFA835B24CEED5E00A0A156 /* Hertz */,
				9EFA837524CEED5F00A0A156 /* HertzTests */,
				9EFA838024CEED5F00A0A156 /* HertzUITests */,
				9E8D7BCA24F0361D00EF7E98 /* HertzWatch */,
				9E8D7BD924F0361E00EF7E98 /* HertzWatch Extension */,
				9EFA835A24CEED5E00A0A156 /* Products */,
				9E3B8D2124FA44FF00C3C103 /* Frameworks */,
			);
			sourceTree = "<group>";
		};
		9EFA835A24CEED5E00A0A156 /* Products */ = {
			isa = PBXGroup;
			children = (
				9EFA835924CEED5E00A0A156 /* Hertz.app */,
				9EFA837224CEED5F00A0A156 /* HertzTests.xctest */,
				9EFA837D24CEED5F00A0A156 /* HertzUITests.xctest */,
				9E8D7BC924F0361D00EF7E98 /* HertzWatch.app */,
				9E8D7BD524F0361E00EF7E98 /* HertzWatch Extension.appex */,
			);
			name = Products;
			sourceTree = "<group>";
		};
		9EFA835B24CEED5E00A0A156 /* Hertz */ = {
			isa = PBXGroup;
			children = (
				9E98F8E424EC5C63001E9C0D /* Faces */,
				9E729E4924CF01750000D408 /* Models */,
				9E729E4624CF00C50000D408 /* Extensions */,
				9EFA835C24CEED5E00A0A156 /* AppDelegate.swift */,
				9EFA835E24CEED5E00A0A156 /* SceneDelegate.swift */,
				9E7B97F124CEF98A004F1304 /* Dot.swift */,
				9EFA836324CEED5E00A0A156 /* ContentView.swift */,
				9EFA836524CEED5F00A0A156 /* Assets.xcassets */,
				9EFA836A24CEED5F00A0A156 /* LaunchScreen.storyboard */,
				9EFA836D24CEED5F00A0A156 /* Info.plist */,
				9EFA836024CEED5E00A0A156 /* Hertz.xcdatamodeld */,
				9EFA836724CEED5F00A0A156 /* Preview Content */,
				9E729E4C24CF60DA0000D408 /* LocalNotificationManager.swift */,
				9E4EE83324F2E07C0057CB8D /* Arc.swift */,
				9E2BBEA424FD785000E23C48 /* Runbutton.swift */,
			);
			path = Hertz;
			sourceTree = "<group>";
		};
		9EFA836724CEED5F00A0A156 /* Preview Content */ = {
			isa = PBXGroup;
			children = (
				9EFA836824CEED5F00A0A156 /* Preview Assets.xcassets */,
			);
			path = "Preview Content";
			sourceTree = "<group>";
		};
		9EFA837524CEED5F00A0A156 /* HertzTests */ = {
			isa = PBXGroup;
			children = (
				9EFA837624CEED5F00A0A156 /* HertzTests.swift */,
				9EFA837824CEED5F00A0A156 /* Info.plist */,
			);
			path = HertzTests;
			sourceTree = "<group>";
		};
		9EFA838024CEED5F00A0A156 /* HertzUITests */ = {
			isa = PBXGroup;
			children = (
				9EFA838124CEED5F00A0A156 /* HertzUITests.swift */,
				9EFA838324CEED5F00A0A156 /* Info.plist */,
			);
			path = HertzUITests;
			sourceTree = "<group>";
		};
		9EFEA97A253B5BDC00F9EF80 /* Models */ = {
			isa = PBXGroup;
			children = (
				9E0A8F75253B5DE5004E1184 /* ContentViewModel.swift */,
			);
			path = Models;
			sourceTree = "<group>";
		};
/* End PBXGroup section */

/* Begin PBXNativeTarget section */
		9E8D7BC824F0361D00EF7E98 /* HertzWatch */ = {
			isa = PBXNativeTarget;
			buildConfigurationList = 9E8D7BF424F0361F00EF7E98 /* Build configuration list for PBXNativeTarget "HertzWatch" */;
			buildPhases = (
				9E8D7BC724F0361D00EF7E98 /* Resources */,
				9E8D7BF024F0361F00EF7E98 /* Embed App Extensions */,
				9EBB1D4D24F04DD40079F1C3 /* Set Build Number */,
			);
			buildRules = (
			);
			dependencies = (
				9E8D7BD824F0361E00EF7E98 /* PBXTargetDependency */,
			);
			name = HertzWatch;
			productName = HertzWatch;
			productReference = 9E8D7BC924F0361D00EF7E98 /* HertzWatch.app */;
			productType = "com.apple.product-type.application.watchapp2";
		};
		9E8D7BD424F0361E00EF7E98 /* HertzWatch Extension */ = {
			isa = PBXNativeTarget;
			buildConfigurationList = 9E8D7BF324F0361F00EF7E98 /* Build configuration list for PBXNativeTarget "HertzWatch Extension" */;
			buildPhases = (
				9E8D7BD124F0361E00EF7E98 /* Sources */,
				9E8D7BD224F0361E00EF7E98 /* Frameworks */,
				9E8D7BD324F0361E00EF7E98 /* Resources */,
				9EBB1D4E24F04DED0079F1C3 /* Set Build Number */,
			);
			buildRules = (
			);
			dependencies = (
			);
			name = "HertzWatch Extension";
			productName = "HertzWatch Extension";
			productReference = 9E8D7BD524F0361E00EF7E98 /* HertzWatch Extension.appex */;
			productType = "com.apple.product-type.watchkit2-extension";
		};
		9EFA835824CEED5E00A0A156 /* Hertz */ = {
			isa = PBXNativeTarget;
			buildConfigurationList = 9EFA838624CEED5F00A0A156 /* Build configuration list for PBXNativeTarget "Hertz" */;
			buildPhases = (
				9EFA835524CEED5E00A0A156 /* Sources */,
				9EFA835624CEED5E00A0A156 /* Frameworks */,
				9EFA835724CEED5E00A0A156 /* Resources */,
				9ED0312E24D2AD8E002847FA /* Embed Watch Content */,
				9E453BCA24EEF580005BB896 /* Set Build Number */,
			);
			buildRules = (
			);
			dependencies = (
				9E8D7BEC24F0361F00EF7E98 /* PBXTargetDependency */,
			);
			name = Hertz;
			productName = Hertz;
			productReference = 9EFA835924CEED5E00A0A156 /* Hertz.app */;
			productType = "com.apple.product-type.application";
		};
		9EFA837124CEED5F00A0A156 /* HertzTests */ = {
			isa = PBXNativeTarget;
			buildConfigurationList = 9EFA838924CEED5F00A0A156 /* Build configuration list for PBXNativeTarget "HertzTests" */;
			buildPhases = (
				9EFA836E24CEED5F00A0A156 /* Sources */,
				9EFA836F24CEED5F00A0A156 /* Frameworks */,
				9EFA837024CEED5F00A0A156 /* Resources */,
			);
			buildRules = (
			);
			dependencies = (
				9EFA837424CEED5F00A0A156 /* PBXTargetDependency */,
			);
			name = HertzTests;
			productName = HertzTests;
			productReference = 9EFA837224CEED5F00A0A156 /* HertzTests.xctest */;
			productType = "com.apple.product-type.bundle.unit-test";
		};
		9EFA837C24CEED5F00A0A156 /* HertzUITests */ = {
			isa = PBXNativeTarget;
			buildConfigurationList = 9EFA838C24CEED5F00A0A156 /* Build configuration list for PBXNativeTarget "HertzUITests" */;
			buildPhases = (
				9EFA837924CEED5F00A0A156 /* Sources */,
				9EFA837A24CEED5F00A0A156 /* Frameworks */,
				9EFA837B24CEED5F00A0A156 /* Resources */,
			);
			buildRules = (
			);
			dependencies = (
				9EFA837F24CEED5F00A0A156 /* PBXTargetDependency */,
			);
			name = HertzUITests;
			productName = HertzUITests;
			productReference = 9EFA837D24CEED5F00A0A156 /* HertzUITests.xctest */;
			productType = "com.apple.product-type.bundle.ui-testing";
		};
/* End PBXNativeTarget section */

/* Begin PBXProject section */
		9EFA835124CEED5E00A0A156 /* Project object */ = {
			isa = PBXProject;
			attributes = {
				LastSwiftUpdateCheck = 1160;
				LastUpgradeCheck = 1160;
				ORGANIZATIONNAME = "Mikael Hultgren";
				TargetAttributes = {
					9E8D7BC824F0361D00EF7E98 = {
						CreatedOnToolsVersion = 11.6;
					};
					9E8D7BD424F0361E00EF7E98 = {
						CreatedOnToolsVersion = 11.6;
					};
					9EFA835824CEED5E00A0A156 = {
						CreatedOnToolsVersion = 11.6;
					};
					9EFA837124CEED5F00A0A156 = {
						CreatedOnToolsVersion = 11.6;
						TestTargetID = 9EFA835824CEED5E00A0A156;
					};
					9EFA837C24CEED5F00A0A156 = {
						CreatedOnToolsVersion = 11.6;
						TestTargetID = 9EFA835824CEED5E00A0A156;
					};
				};
			};
			buildConfigurationList = 9EFA835424CEED5E00A0A156 /* Build configuration list for PBXProject "Hertz" */;
			compatibilityVersion = "Xcode 12.0";
			developmentRegion = en;
			hasScannedForEncodings = 0;
			knownRegions = (
				en,
				Base,
			);
			mainGroup = 9EFA835024CEED5E00A0A156;
			productRefGroup = 9EFA835A24CEED5E00A0A156 /* Products */;
			projectDirPath = "";
			projectRoot = "";
			targets = (
				9EFA835824CEED5E00A0A156 /* Hertz */,
				9EFA837124CEED5F00A0A156 /* HertzTests */,
				9EFA837C24CEED5F00A0A156 /* HertzUITests */,
				9E8D7BC824F0361D00EF7E98 /* HertzWatch */,
				9E8D7BD424F0361E00EF7E98 /* HertzWatch Extension */,
			);
		};
/* End PBXProject section */

/* Begin PBXResourcesBuildPhase section */
		9E8D7BC724F0361D00EF7E98 /* Resources */ = {
			isa = PBXResourcesBuildPhase;
			buildActionMask = 2147483647;
			files = (
				9E8D7BCF24F0361E00EF7E98 /* Assets.xcassets in Resources */,
				9E8D7BCD24F0361D00EF7E98 /* Interface.storyboard in Resources */,
			);
			runOnlyForDeploymentPostprocessing = 0;
		};
		9E8D7BD324F0361E00EF7E98 /* Resources */ = {
			isa = PBXResourcesBuildPhase;
			buildActionMask = 2147483647;
			files = (
				9E8D7BE824F0361F00EF7E98 /* Preview Assets.xcassets in Resources */,
				9E8D7BE524F0361F00EF7E98 /* Assets.xcassets in Resources */,
			);
			runOnlyForDeploymentPostprocessing = 0;
		};
		9EFA835724CEED5E00A0A156 /* Resources */ = {
			isa = PBXResourcesBuildPhase;
			buildActionMask = 2147483647;
			files = (
				9EFA836C24CEED5F00A0A156 /* LaunchScreen.storyboard in Resources */,
				9EFA836924CEED5F00A0A156 /* Preview Assets.xcassets in Resources */,
				9EFA836624CEED5F00A0A156 /* Assets.xcassets in Resources */,
			);
			runOnlyForDeploymentPostprocessing = 0;
		};
		9EFA837024CEED5F00A0A156 /* Resources */ = {
			isa = PBXResourcesBuildPhase;
			buildActionMask = 2147483647;
			files = (
			);
			runOnlyForDeploymentPostprocessing = 0;
		};
		9EFA837B24CEED5F00A0A156 /* Resources */ = {
			isa = PBXResourcesBuildPhase;
			buildActionMask = 2147483647;
			files = (
			);
			runOnlyForDeploymentPostprocessing = 0;
		};
/* End PBXResourcesBuildPhase section */

/* Begin PBXShellScriptBuildPhase section */
		9E453BCA24EEF580005BB896 /* Set Build Number */ = {
			isa = PBXShellScriptBuildPhase;
			buildActionMask = 2147483647;
			files = (
			);
			inputFileListPaths = (
			);
			inputPaths = (
			);
			name = "Set Build Number";
			outputFileListPaths = (
			);
			outputPaths = (
			);
			runOnlyForDeploymentPostprocessing = 0;
			shellPath = /bin/sh;
			shellScript = "PLB=/usr/libexec/PlistBuddy\nBRANCH=${1:-'master'}\nBUILDNUMBER=$(expr $(git -C ${PROJECT_DIR} rev-list $BRANCH --count) + $(git -C ${PROJECT_DIR} rev-list $BRANCH..HEAD --count))\n\n$PLB -c \"Set :CFBundleVersion $BUILDNUMBER\" \"${TARGET_BUILD_DIR}/${INFOPLIST_PATH}\"\n";
		};
		9EBB1D4D24F04DD40079F1C3 /* Set Build Number */ = {
			isa = PBXShellScriptBuildPhase;
			buildActionMask = 2147483647;
			files = (
			);
			inputFileListPaths = (
			);
			inputPaths = (
			);
			name = "Set Build Number";
			outputFileListPaths = (
			);
			outputPaths = (
			);
			runOnlyForDeploymentPostprocessing = 0;
			shellPath = /bin/sh;
			shellScript = "PLB=/usr/libexec/PlistBuddy\nBRANCH=${1:-'master'}\nBUILDNUMBER=$(expr $(git -C ${PROJECT_DIR} rev-list $BRANCH --count) + $(git -C ${PROJECT_DIR} rev-list $BRANCH..HEAD --count))\n\n$PLB -c \"Set :CFBundleVersion $BUILDNUMBER\" \"${TARGET_BUILD_DIR}/${INFOPLIST_PATH}\"\n";
		};
		9EBB1D4E24F04DED0079F1C3 /* Set Build Number */ = {
			isa = PBXShellScriptBuildPhase;
			buildActionMask = 2147483647;
			files = (
			);
			inputFileListPaths = (
			);
			inputPaths = (
			);
			name = "Set Build Number";
			outputFileListPaths = (
			);
			outputPaths = (
			);
			runOnlyForDeploymentPostprocessing = 0;
			shellPath = /bin/sh;
			shellScript = "PLB=/usr/libexec/PlistBuddy\nBRANCH=${1:-'master'}\nBUILDNUMBER=$(expr $(git -C ${PROJECT_DIR} rev-list $BRANCH --count) + $(git -C ${PROJECT_DIR} rev-list $BRANCH..HEAD --count))\n\n$PLB -c \"Set :CFBundleVersion $BUILDNUMBER\" \"${TARGET_BUILD_DIR}/${INFOPLIST_PATH}\"\n";
		};
/* End PBXShellScriptBuildPhase section */

/* Begin PBXSourcesBuildPhase section */
		9E8D7BD124F0361E00EF7E98 /* Sources */ = {
			isa = PBXSourcesBuildPhase;
			buildActionMask = 2147483647;
			files = (
				9E8D7BDD24F0361E00EF7E98 /* HostingController.swift in Sources */,
				9E8D7BDB24F0361E00EF7E98 /* ContentView.swift in Sources */,
				9E3AC93124F3DD1F00DDB271 /* Arc.swift in Sources */,
				9E8D7BF624F036AC00EF7E98 /* TickFace.swift in Sources */,
				9E3B8D1F24FA391400C3C103 /* WorkoutManager.swift in Sources */,
				9E8D7BE124F0361E00EF7E98 /* NotificationController.swift in Sources */,
				9E8D7BDF24F0361E00EF7E98 /* ExtensionDelegate.swift in Sources */,
				9E2BBEA624FD785000E23C48 /* Runbutton.swift in Sources */,
				9E63D2162512B83E006B5643 /* NSNotification.swift in Sources */,
				9E8D7BE324F0361F00EF7E98 /* NotificationView.swift in Sources */,
				9E0A8F76253B5DE5004E1184 /* ContentViewModel.swift in Sources */,
				9E8D7BF724F036B300EF7E98 /* CGRect.swift in Sources */,
				9E8D7BF824F036F400EF7E98 /* Dot.swift in Sources */,
				9E0A8F6A253B5D90004E1184 /* HertzModel.swift in Sources */,
			);
			runOnlyForDeploymentPostprocessing = 0;
		};
		9EFA835524CEED5E00A0A156 /* Sources */ = {
			isa = PBXSourcesBuildPhase;
			buildActionMask = 2147483647;
			files = (
				9E729E4B24CF018C0000D408 /* ContentViewModel.swift in Sources */,
				9EFA835D24CEED5E00A0A156 /* AppDelegate.swift in Sources */,
				9EFA835F24CEED5E00A0A156 /* SceneDelegate.swift in Sources */,
				9EFA836424CEED5E00A0A156 /* ContentView.swift in Sources */,
				9EBB1D5024F057420079F1C3 /* Array.swift in Sources */,
				9EFA836224CEED5E00A0A156 /* Hertz.xcdatamodeld in Sources */,
				9E98F8E924EC5CAF001E9C0D /* TickFace.swift in Sources */,
				9E2BBEA524FD785000E23C48 /* Runbutton.swift in Sources */,
				9E63D2102512B752006B5643 /* NSNotification.swift in Sources */,
				9E4EE83424F2E07C0057CB8D /* Arc.swift in Sources */,
				9E729E4D24CF60DA0000D408 /* LocalNotificationManager.swift in Sources */,
				9E7B97F224CEF98A004F1304 /* Dot.swift in Sources */,
				9E729E4824CF00DB0000D408 /* CGRect.swift in Sources */,
				9EFEA988253B5C8F00F9EF80 /* HertzModel.swift in Sources */,
			);
			runOnlyForDeploymentPostprocessing = 0;
		};
		9EFA836E24CEED5F00A0A156 /* Sources */ = {
			isa = PBXSourcesBuildPhase;
			buildActionMask = 2147483647;
			files = (
				9EFA837724CEED5F00A0A156 /* HertzTests.swift in Sources */,
			);
			runOnlyForDeploymentPostprocessing = 0;
		};
		9EFA837924CEED5F00A0A156 /* Sources */ = {
			isa = PBXSourcesBuildPhase;
			buildActionMask = 2147483647;
			files = (
				9EFA838224CEED5F00A0A156 /* HertzUITests.swift in Sources */,
			);
			runOnlyForDeploymentPostprocessing = 0;
		};
/* End PBXSourcesBuildPhase section */

/* Begin PBXTargetDependency section */
		9E8D7BD824F0361E00EF7E98 /* PBXTargetDependency */ = {
			isa = PBXTargetDependency;
			target = 9E8D7BD424F0361E00EF7E98 /* HertzWatch Extension */;
			targetProxy = 9E8D7BD724F0361E00EF7E98 /* PBXContainerItemProxy */;
		};
		9E8D7BEC24F0361F00EF7E98 /* PBXTargetDependency */ = {
			isa = PBXTargetDependency;
			target = 9E8D7BC824F0361D00EF7E98 /* HertzWatch */;
			targetProxy = 9E8D7BEB24F0361F00EF7E98 /* PBXContainerItemProxy */;
		};
		9EFA837424CEED5F00A0A156 /* PBXTargetDependency */ = {
			isa = PBXTargetDependency;
			target = 9EFA835824CEED5E00A0A156 /* Hertz */;
			targetProxy = 9EFA837324CEED5F00A0A156 /* PBXContainerItemProxy */;
		};
		9EFA837F24CEED5F00A0A156 /* PBXTargetDependency */ = {
			isa = PBXTargetDependency;
			target = 9EFA835824CEED5E00A0A156 /* Hertz */;
			targetProxy = 9EFA837E24CEED5F00A0A156 /* PBXContainerItemProxy */;
		};
/* End PBXTargetDependency section */

/* Begin PBXVariantGroup section */
		9E8D7BCB24F0361D00EF7E98 /* Interface.storyboard */ = {
			isa = PBXVariantGroup;
			children = (
				9E8D7BCC24F0361D00EF7E98 /* Base */,
			);
			name = Interface.storyboard;
			sourceTree = "<group>";
		};
		9EFA836A24CEED5F00A0A156 /* LaunchScreen.storyboard */ = {
			isa = PBXVariantGroup;
			children = (
				9EFA836B24CEED5F00A0A156 /* Base */,
			);
			name = LaunchScreen.storyboard;
			sourceTree = "<group>";
		};
/* End PBXVariantGroup section */

/* Begin XCBuildConfiguration section */
		9E8D7BEE24F0361F00EF7E98 /* Debug */ = {
			isa = XCBuildConfiguration;
			buildSettings = {
				ALWAYS_EMBED_SWIFT_STANDARD_LIBRARIES = YES;
				ASSETCATALOG_COMPILER_APPICON_NAME = AppIcon;
				CODE_SIGN_STYLE = Automatic;
				DEVELOPMENT_TEAM = 58262W9GL8;
				IBSC_MODULE = HertzWatch_Extension;
				INFOPLIST_FILE = HertzWatch/Info.plist;
				PRODUCT_BUNDLE_IDENTIFIER = "com.mother-technology.Hertz.watchkitapp";
				PRODUCT_NAME = "$(TARGET_NAME)";
				SDKROOT = watchos;
				SKIP_INSTALL = YES;
				SWIFT_VERSION = 5.0;
				TARGETED_DEVICE_FAMILY = 4;
				WATCHOS_DEPLOYMENT_TARGET = 6.2;
			};
			name = Debug;
		};
		9E8D7BEF24F0361F00EF7E98 /* Release */ = {
			isa = XCBuildConfiguration;
			buildSettings = {
				ALWAYS_EMBED_SWIFT_STANDARD_LIBRARIES = YES;
				ASSETCATALOG_COMPILER_APPICON_NAME = AppIcon;
				CODE_SIGN_STYLE = Automatic;
				DEVELOPMENT_TEAM = 58262W9GL8;
				IBSC_MODULE = HertzWatch_Extension;
				INFOPLIST_FILE = HertzWatch/Info.plist;
				PRODUCT_BUNDLE_IDENTIFIER = "com.mother-technology.Hertz.watchkitapp";
				PRODUCT_NAME = "$(TARGET_NAME)";
				SDKROOT = watchos;
				SKIP_INSTALL = YES;
				SWIFT_VERSION = 5.0;
				TARGETED_DEVICE_FAMILY = 4;
				WATCHOS_DEPLOYMENT_TARGET = 6.2;
			};
			name = Release;
		};
		9E8D7BF124F0361F00EF7E98 /* Debug */ = {
			isa = XCBuildConfiguration;
			buildSettings = {
				ASSETCATALOG_COMPILER_COMPLICATION_NAME = Complication;
				CODE_SIGN_ENTITLEMENTS = "HertzWatch Extension/HertzWatch Extension.entitlements";
				CODE_SIGN_STYLE = Automatic;
				DEVELOPMENT_ASSET_PATHS = "\"HertzWatch Extension/Preview Content\"";
				DEVELOPMENT_TEAM = 58262W9GL8;
				ENABLE_PREVIEWS = YES;
				INFOPLIST_FILE = "HertzWatch Extension/Info.plist";
				LD_RUNPATH_SEARCH_PATHS = (
					"$(inherited)",
					"@executable_path/Frameworks",
					"@executable_path/../../Frameworks",
				);
				PRODUCT_BUNDLE_IDENTIFIER = "com.mother-technology.Hertz.watchkitapp.watchkitextension";
				PRODUCT_NAME = "${TARGET_NAME}";
				SDKROOT = watchos;
				SKIP_INSTALL = YES;
				SWIFT_VERSION = 5.0;
				TARGETED_DEVICE_FAMILY = 4;
				WATCHOS_DEPLOYMENT_TARGET = 6.2;
			};
			name = Debug;
		};
		9E8D7BF224F0361F00EF7E98 /* Release */ = {
			isa = XCBuildConfiguration;
			buildSettings = {
				ASSETCATALOG_COMPILER_COMPLICATION_NAME = Complication;
				CODE_SIGN_ENTITLEMENTS = "HertzWatch Extension/HertzWatch Extension.entitlements";
				CODE_SIGN_STYLE = Automatic;
				DEVELOPMENT_ASSET_PATHS = "\"HertzWatch Extension/Preview Content\"";
				DEVELOPMENT_TEAM = 58262W9GL8;
				ENABLE_PREVIEWS = YES;
				INFOPLIST_FILE = "HertzWatch Extension/Info.plist";
				LD_RUNPATH_SEARCH_PATHS = (
					"$(inherited)",
					"@executable_path/Frameworks",
					"@executable_path/../../Frameworks",
				);
				PRODUCT_BUNDLE_IDENTIFIER = "com.mother-technology.Hertz.watchkitapp.watchkitextension";
				PRODUCT_NAME = "${TARGET_NAME}";
				SDKROOT = watchos;
				SKIP_INSTALL = YES;
				SWIFT_VERSION = 5.0;
				TARGETED_DEVICE_FAMILY = 4;
				WATCHOS_DEPLOYMENT_TARGET = 6.2;
			};
			name = Release;
		};
		9EFA838424CEED5F00A0A156 /* Debug */ = {
			isa = XCBuildConfiguration;
			buildSettings = {
				ALWAYS_SEARCH_USER_PATHS = NO;
				CLANG_ANALYZER_NONNULL = YES;
				CLANG_ANALYZER_NUMBER_OBJECT_CONVERSION = YES_AGGRESSIVE;
				CLANG_CXX_LANGUAGE_STANDARD = "gnu++14";
				CLANG_CXX_LIBRARY = "libc++";
				CLANG_ENABLE_MODULES = YES;
				CLANG_ENABLE_OBJC_ARC = YES;
				CLANG_ENABLE_OBJC_WEAK = YES;
				CLANG_WARN_BLOCK_CAPTURE_AUTORELEASING = YES;
				CLANG_WARN_BOOL_CONVERSION = YES;
				CLANG_WARN_COMMA = YES;
				CLANG_WARN_CONSTANT_CONVERSION = YES;
				CLANG_WARN_DEPRECATED_OBJC_IMPLEMENTATIONS = YES;
				CLANG_WARN_DIRECT_OBJC_ISA_USAGE = YES_ERROR;
				CLANG_WARN_DOCUMENTATION_COMMENTS = YES;
				CLANG_WARN_EMPTY_BODY = YES;
				CLANG_WARN_ENUM_CONVERSION = YES;
				CLANG_WARN_INFINITE_RECURSION = YES;
				CLANG_WARN_INT_CONVERSION = YES;
				CLANG_WARN_NON_LITERAL_NULL_CONVERSION = YES;
				CLANG_WARN_OBJC_IMPLICIT_RETAIN_SELF = YES;
				CLANG_WARN_OBJC_LITERAL_CONVERSION = YES;
				CLANG_WARN_OBJC_ROOT_CLASS = YES_ERROR;
				CLANG_WARN_RANGE_LOOP_ANALYSIS = YES;
				CLANG_WARN_STRICT_PROTOTYPES = YES;
				CLANG_WARN_SUSPICIOUS_MOVE = YES;
				CLANG_WARN_UNGUARDED_AVAILABILITY = YES_AGGRESSIVE;
				CLANG_WARN_UNREACHABLE_CODE = YES;
				CLANG_WARN__DUPLICATE_METHOD_MATCH = YES;
				COPY_PHASE_STRIP = NO;
				DEBUG_INFORMATION_FORMAT = dwarf;
				ENABLE_STRICT_OBJC_MSGSEND = YES;
				ENABLE_TESTABILITY = YES;
				GCC_C_LANGUAGE_STANDARD = gnu11;
				GCC_DYNAMIC_NO_PIC = NO;
				GCC_NO_COMMON_BLOCKS = YES;
				GCC_OPTIMIZATION_LEVEL = 0;
				GCC_PREPROCESSOR_DEFINITIONS = (
					"DEBUG=1",
					"$(inherited)",
				);
				GCC_WARN_64_TO_32_BIT_CONVERSION = YES;
				GCC_WARN_ABOUT_RETURN_TYPE = YES_ERROR;
				GCC_WARN_UNDECLARED_SELECTOR = YES;
				GCC_WARN_UNINITIALIZED_AUTOS = YES_AGGRESSIVE;
				GCC_WARN_UNUSED_FUNCTION = YES;
				GCC_WARN_UNUSED_VARIABLE = YES;
				IPHONEOS_DEPLOYMENT_TARGET = 13.6;
				MTL_ENABLE_DEBUG_INFO = INCLUDE_SOURCE;
				MTL_FAST_MATH = YES;
				ONLY_ACTIVE_ARCH = YES;
				SDKROOT = iphoneos;
				SWIFT_ACTIVE_COMPILATION_CONDITIONS = DEBUG;
				SWIFT_OPTIMIZATION_LEVEL = "-Onone";
			};
			name = Debug;
		};
		9EFA838524CEED5F00A0A156 /* Release */ = {
			isa = XCBuildConfiguration;
			buildSettings = {
				ALWAYS_SEARCH_USER_PATHS = NO;
				CLANG_ANALYZER_NONNULL = YES;
				CLANG_ANALYZER_NUMBER_OBJECT_CONVERSION = YES_AGGRESSIVE;
				CLANG_CXX_LANGUAGE_STANDARD = "gnu++14";
				CLANG_CXX_LIBRARY = "libc++";
				CLANG_ENABLE_MODULES = YES;
				CLANG_ENABLE_OBJC_ARC = YES;
				CLANG_ENABLE_OBJC_WEAK = YES;
				CLANG_WARN_BLOCK_CAPTURE_AUTORELEASING = YES;
				CLANG_WARN_BOOL_CONVERSION = YES;
				CLANG_WARN_COMMA = YES;
				CLANG_WARN_CONSTANT_CONVERSION = YES;
				CLANG_WARN_DEPRECATED_OBJC_IMPLEMENTATIONS = YES;
				CLANG_WARN_DIRECT_OBJC_ISA_USAGE = YES_ERROR;
				CLANG_WARN_DOCUMENTATION_COMMENTS = YES;
				CLANG_WARN_EMPTY_BODY = YES;
				CLANG_WARN_ENUM_CONVERSION = YES;
				CLANG_WARN_INFINITE_RECURSION = YES;
				CLANG_WARN_INT_CONVERSION = YES;
				CLANG_WARN_NON_LITERAL_NULL_CONVERSION = YES;
				CLANG_WARN_OBJC_IMPLICIT_RETAIN_SELF = YES;
				CLANG_WARN_OBJC_LITERAL_CONVERSION = YES;
				CLANG_WARN_OBJC_ROOT_CLASS = YES_ERROR;
				CLANG_WARN_RANGE_LOOP_ANALYSIS = YES;
				CLANG_WARN_STRICT_PROTOTYPES = YES;
				CLANG_WARN_SUSPICIOUS_MOVE = YES;
				CLANG_WARN_UNGUARDED_AVAILABILITY = YES_AGGRESSIVE;
				CLANG_WARN_UNREACHABLE_CODE = YES;
				CLANG_WARN__DUPLICATE_METHOD_MATCH = YES;
				COPY_PHASE_STRIP = NO;
				DEBUG_INFORMATION_FORMAT = "dwarf-with-dsym";
				ENABLE_NS_ASSERTIONS = NO;
				ENABLE_STRICT_OBJC_MSGSEND = YES;
				GCC_C_LANGUAGE_STANDARD = gnu11;
				GCC_NO_COMMON_BLOCKS = YES;
				GCC_WARN_64_TO_32_BIT_CONVERSION = YES;
				GCC_WARN_ABOUT_RETURN_TYPE = YES_ERROR;
				GCC_WARN_UNDECLARED_SELECTOR = YES;
				GCC_WARN_UNINITIALIZED_AUTOS = YES_AGGRESSIVE;
				GCC_WARN_UNUSED_FUNCTION = YES;
				GCC_WARN_UNUSED_VARIABLE = YES;
				IPHONEOS_DEPLOYMENT_TARGET = 13.6;
				MTL_ENABLE_DEBUG_INFO = NO;
				MTL_FAST_MATH = YES;
				SDKROOT = iphoneos;
				SWIFT_COMPILATION_MODE = wholemodule;
				SWIFT_OPTIMIZATION_LEVEL = "-O";
				VALIDATE_PRODUCT = YES;
			};
			name = Release;
		};
		9EFA838724CEED5F00A0A156 /* Debug */ = {
			isa = XCBuildConfiguration;
			buildSettings = {
				ASSETCATALOG_COMPILER_APPICON_NAME = AppIcon;
				CODE_SIGN_STYLE = Automatic;
				DEVELOPMENT_ASSET_PATHS = "\"Hertz/Preview Content\"";
				DEVELOPMENT_TEAM = 58262W9GL8;
				ENABLE_PREVIEWS = YES;
				INFOPLIST_FILE = Hertz/Info.plist;
				LD_RUNPATH_SEARCH_PATHS = (
					"$(inherited)",
					"@executable_path/Frameworks",
				);
				PRODUCT_BUNDLE_IDENTIFIER = "com.mother-technology.Hertz";
				PRODUCT_NAME = "$(TARGET_NAME)";
				SWIFT_VERSION = 5.0;
				TARGETED_DEVICE_FAMILY = "1,2";
			};
			name = Debug;
		};
		9EFA838824CEED5F00A0A156 /* Release */ = {
			isa = XCBuildConfiguration;
			buildSettings = {
				ASSETCATALOG_COMPILER_APPICON_NAME = AppIcon;
				CODE_SIGN_STYLE = Automatic;
				DEVELOPMENT_ASSET_PATHS = "\"Hertz/Preview Content\"";
				DEVELOPMENT_TEAM = 58262W9GL8;
				ENABLE_PREVIEWS = YES;
				INFOPLIST_FILE = Hertz/Info.plist;
				LD_RUNPATH_SEARCH_PATHS = (
					"$(inherited)",
					"@executable_path/Frameworks",
				);
				PRODUCT_BUNDLE_IDENTIFIER = "com.mother-technology.Hertz";
				PRODUCT_NAME = "$(TARGET_NAME)";
				SWIFT_VERSION = 5.0;
				TARGETED_DEVICE_FAMILY = "1,2";
			};
			name = Release;
		};
		9EFA838A24CEED5F00A0A156 /* Debug */ = {
			isa = XCBuildConfiguration;
			buildSettings = {
				ALWAYS_EMBED_SWIFT_STANDARD_LIBRARIES = YES;
				BUNDLE_LOADER = "$(TEST_HOST)";
				CODE_SIGN_STYLE = Automatic;
				DEVELOPMENT_TEAM = 58262W9GL8;
				INFOPLIST_FILE = HertzTests/Info.plist;
				IPHONEOS_DEPLOYMENT_TARGET = 13.6;
				LD_RUNPATH_SEARCH_PATHS = (
					"$(inherited)",
					"@executable_path/Frameworks",
					"@loader_path/Frameworks",
				);
				PRODUCT_BUNDLE_IDENTIFIER = com.artsoftheinsane.HertzTests;
				PRODUCT_NAME = "$(TARGET_NAME)";
				SWIFT_VERSION = 5.0;
				TARGETED_DEVICE_FAMILY = "1,2";
				TEST_HOST = "$(BUILT_PRODUCTS_DIR)/Hertz.app/Hertz";
			};
			name = Debug;
		};
		9EFA838B24CEED5F00A0A156 /* Release */ = {
			isa = XCBuildConfiguration;
			buildSettings = {
				ALWAYS_EMBED_SWIFT_STANDARD_LIBRARIES = YES;
				BUNDLE_LOADER = "$(TEST_HOST)";
				CODE_SIGN_STYLE = Automatic;
				DEVELOPMENT_TEAM = 58262W9GL8;
				INFOPLIST_FILE = HertzTests/Info.plist;
				IPHONEOS_DEPLOYMENT_TARGET = 13.6;
				LD_RUNPATH_SEARCH_PATHS = (
					"$(inherited)",
					"@executable_path/Frameworks",
					"@loader_path/Frameworks",
				);
				PRODUCT_BUNDLE_IDENTIFIER = com.artsoftheinsane.HertzTests;
				PRODUCT_NAME = "$(TARGET_NAME)";
				SWIFT_VERSION = 5.0;
				TARGETED_DEVICE_FAMILY = "1,2";
				TEST_HOST = "$(BUILT_PRODUCTS_DIR)/Hertz.app/Hertz";
			};
			name = Release;
		};
		9EFA838D24CEED5F00A0A156 /* Debug */ = {
			isa = XCBuildConfiguration;
			buildSettings = {
				ALWAYS_EMBED_SWIFT_STANDARD_LIBRARIES = YES;
				CODE_SIGN_STYLE = Automatic;
				DEVELOPMENT_TEAM = 58262W9GL8;
				INFOPLIST_FILE = HertzUITests/Info.plist;
				LD_RUNPATH_SEARCH_PATHS = (
					"$(inherited)",
					"@executable_path/Frameworks",
					"@loader_path/Frameworks",
				);
				PRODUCT_BUNDLE_IDENTIFIER = com.artsoftheinsane.HertzUITests;
				PRODUCT_NAME = "$(TARGET_NAME)";
				SWIFT_VERSION = 5.0;
				TARGETED_DEVICE_FAMILY = "1,2";
				TEST_TARGET_NAME = Hertz;
			};
			name = Debug;
		};
		9EFA838E24CEED5F00A0A156 /* Release */ = {
			isa = XCBuildConfiguration;
			buildSettings = {
				ALWAYS_EMBED_SWIFT_STANDARD_LIBRARIES = YES;
				CODE_SIGN_STYLE = Automatic;
				DEVELOPMENT_TEAM = 58262W9GL8;
				INFOPLIST_FILE = HertzUITests/Info.plist;
				LD_RUNPATH_SEARCH_PATHS = (
					"$(inherited)",
					"@executable_path/Frameworks",
					"@loader_path/Frameworks",
				);
				PRODUCT_BUNDLE_IDENTIFIER = com.artsoftheinsane.HertzUITests;
				PRODUCT_NAME = "$(TARGET_NAME)";
				SWIFT_VERSION = 5.0;
				TARGETED_DEVICE_FAMILY = "1,2";
				TEST_TARGET_NAME = Hertz;
			};
			name = Release;
		};
/* End XCBuildConfiguration section */

/* Begin XCConfigurationList section */
		9E8D7BF324F0361F00EF7E98 /* Build configuration list for PBXNativeTarget "HertzWatch Extension" */ = {
			isa = XCConfigurationList;
			buildConfigurations = (
				9E8D7BF124F0361F00EF7E98 /* Debug */,
				9E8D7BF224F0361F00EF7E98 /* Release */,
			);
			defaultConfigurationIsVisible = 0;
			defaultConfigurationName = Release;
		};
		9E8D7BF424F0361F00EF7E98 /* Build configuration list for PBXNativeTarget "HertzWatch" */ = {
			isa = XCConfigurationList;
			buildConfigurations = (
				9E8D7BEE24F0361F00EF7E98 /* Debug */,
				9E8D7BEF24F0361F00EF7E98 /* Release */,
			);
			defaultConfigurationIsVisible = 0;
			defaultConfigurationName = Release;
		};
		9EFA835424CEED5E00A0A156 /* Build configuration list for PBXProject "Hertz" */ = {
			isa = XCConfigurationList;
			buildConfigurations = (
				9EFA838424CEED5F00A0A156 /* Debug */,
				9EFA838524CEED5F00A0A156 /* Release */,
			);
			defaultConfigurationIsVisible = 0;
			defaultConfigurationName = Release;
		};
		9EFA838624CEED5F00A0A156 /* Build configuration list for PBXNativeTarget "Hertz" */ = {
			isa = XCConfigurationList;
			buildConfigurations = (
				9EFA838724CEED5F00A0A156 /* Debug */,
				9EFA838824CEED5F00A0A156 /* Release */,
			);
			defaultConfigurationIsVisible = 0;
			defaultConfigurationName = Release;
		};
		9EFA838924CEED5F00A0A156 /* Build configuration list for PBXNativeTarget "HertzTests" */ = {
			isa = XCConfigurationList;
			buildConfigurations = (
				9EFA838A24CEED5F00A0A156 /* Debug */,
				9EFA838B24CEED5F00A0A156 /* Release */,
			);
			defaultConfigurationIsVisible = 0;
			defaultConfigurationName = Release;
		};
		9EFA838C24CEED5F00A0A156 /* Build configuration list for PBXNativeTarget "HertzUITests" */ = {
			isa = XCConfigurationList;
			buildConfigurations = (
				9EFA838D24CEED5F00A0A156 /* Debug */,
				9EFA838E24CEED5F00A0A156 /* Release */,
			);
			defaultConfigurationIsVisible = 0;
			defaultConfigurationName = Release;
		};
/* End XCConfigurationList section */

/* Begin XCVersionGroup section */
		9EFA836024CEED5E00A0A156 /* Hertz.xcdatamodeld */ = {
			isa = XCVersionGroup;
			children = (
				9EFA836124CEED5E00A0A156 /* Hertz.xcdatamodel */,
			);
			currentVersion = 9EFA836124CEED5E00A0A156 /* Hertz.xcdatamodel */;
			path = Hertz.xcdatamodeld;
			sourceTree = "<group>";
			versionGroupType = wrapper.xcdatamodel;
		};
/* End XCVersionGroup section */
	};
	rootObject = 9EFA835124CEED5E00A0A156 /* Project object */;
}
